PODS:
  - Alamofire (5.0.4)
  - IQKeyboardManagerSwift (6.5.5)
  - SDWebImage (5.6.1):
    - SDWebImage/Core (= 5.6.1)
  - SDWebImage/Core (5.6.1)
  - SQLite.swift (0.12.2):
    - SQLite.swift/standard (= 0.12.2)
  - SQLite.swift/standard (0.12.2)
  - SwiftyJSON (5.0.0)

DEPENDENCIES:
  - Alamofire
  - IQKeyboardManagerSwift
  - SDWebImage
  - SQLite.swift
  - SwiftyJSON

SPEC REPOS:
  trunk:
    - Alamofire
    - IQKeyboardManagerSwift
    - SDWebImage
    - SQLite.swift
    - SwiftyJSON

SPEC CHECKSUMS:
  Alamofire: 0fe5fd24b4298dc377a6550da7d5f1b30e286fcb
  IQKeyboardManagerSwift: 0fb93310284665245591f50f7a5e38de615960b7
  SDWebImage: 7edb9c3ea661e77a66661f7f044de8c1b55d1120
  SQLite.swift: d2b4642190917051ce6bd1d49aab565fe794eea3
  SwiftyJSON: 36413e04c44ee145039d332b4f4e2d3e8d6c4db7

PODFILE CHECKSUM: db9b7af40057ecb06058bbc6222e31b8f38b8ca5

COCOAPODS: 1.9.1
